
Microsoft Visual Studio Solution File, Format Version 12.00
# Visual Studio 15
VisualStudioVersion = 15.0.27428.2002
MinimumVisualStudioVersion = 10.0.40219.1
Project("{FAE04EC0-301F-11D3-BF4B-00C04F79EFBC}") = "SelfHost_App", "SelfHost_App\SelfHost_App.csproj", "{8FCD6D9A-A6B1-4175-A632-0EA9534C3E56}"
EndProject
Project("{FAE04EC0-301F-11D3-BF4B-00C04F79EFBC}") = "SelfHost_WebApi", "SelfHost_WebApi\SelfHost_WebApi.csproj", "{29956B38-0622-4216-8834-D0CCB214FD93}"
EndProject
Global
	GlobalSection(SolutionConfigurationPlatforms) = preSolution
		Debug|Any CPU = Debug|Any CPU
		Release|Any CPU = Release|Any CPU
	EndGlobalSection
	GlobalSection(ProjectConfigurationPlatforms) = postSolution
		{8FCD6D9A-A6B1-4175-A632-0EA9534C3E56}.Debug|Any CPU.ActiveCfg = Debug|Any CPU
		{8FCD6D9A-A6B1-4175-A632-0EA9534C3E56}.Debug|Any CPU.Build.0 = Debug|Any CPU
		{8FCD6D9A-A6B1-4175-A632-0EA9534C3E56}.Release|Any CPU.ActiveCfg = Release|Any CPU
		{8FCD6D9A-A6B1-4175-A632-0EA9534C3E56}.Release|Any CPU.Build.0 = Release|Any CPU
		{29956B38-0622-4216-8834-D0CCB214FD93}.Debug|Any CPU.ActiveCfg = Debug|Any CPU
		{29956B38-0622-4216-8834-D0CCB214FD93}.Debug|Any CPU.Build.0 = Debug|Any CPU
		{29956B38-0622-4216-8834-D0CCB214FD93}.Release|Any CPU.ActiveCfg = Release|Any CPU
		{29956B38-0622-4216-8834-D0CCB214FD93}.Release|Any CPU.Build.0 = Release|Any CPU
	EndGlobalSection
	GlobalSection(SolutionProperties) = preSolution
		HideSolutionNode = FALSE
	EndGlobalSection
	GlobalSection(ExtensibilityGlobals) = postSolution
		SolutionGuid = {501B0BB7-8B1C-4B09-8C20-98034F32BDA1}
	EndGlobalSection
EndGlobal
